
Microsoft Visual Studio Solution File, Format Version 12.00
# Visual Studio Version 17
VisualStudioVersion = 17.2.32526.322
MinimumVisualStudioVersion = 10.0.40219.1
Project("{8BC9CEB8-8B4A-11D0-8D11-00A0C91BC942}") = "Adding Interest to the amount", "Adding Interest to the amount.vcxproj", "{821A2D92-4451-4BAB-9FFF-84B709FF8BED}"
EndProject
Global
	GlobalSection(SolutionConfigurationPlatforms) = preSolution
		Debug|x64 = Debug|x64
		Debug|x86 = Debug|x86
		Release|x64 = Release|x64
		Release|x86 = Release|x86
	EndGlobalSection
	GlobalSection(ProjectConfigurationPlatforms) = postSolution
		{821A2D92-4451-4BAB-9FFF-84B709FF8BED}.Debug|x64.ActiveCfg = Debug|x64
		{821A2D92-4451-4BAB-9FFF-84B709FF8BED}.Debug|x64.Build.0 = Debug|x64
		{821A2D92-4451-4BAB-9FFF-84B709FF8BED}.Debug|x86.ActiveCfg = Debug|Win32
		{821A2D92-4451-4BAB-9FFF-84B709FF8BED}.Debug|x86.Build.0 = Debug|Win32
		{821A2D92-4451-4BAB-9FFF-84B709FF8BED}.Release|x64.ActiveCfg = Release|x64
		{821A2D92-4451-4BAB-9FFF-84B709FF8BED}.Release|x64.Build.0 = Release|x64
		{821A2D92-4451-4BAB-9FFF-84B709FF8BED}.Release|x86.ActiveCfg = Release|Win32
		{821A2D92-4451-4BAB-9FFF-84B709FF8BED}.Release|x86.Build.0 = Release|Win32
	EndGlobalSection
	GlobalSection(SolutionProperties) = preSolution
		HideSolutionNode = FALSE
	EndGlobalSection
	GlobalSection(ExtensibilityGlobals) = postSolution
		SolutionGuid = {B1175686-0BC9-4042-BA41-32AF5D338610}
	EndGlobalSection
EndGlobal
